
Microsoft Visual Studio Solution File, Format Version 12.00
# Visual Studio 2012
Project("{FAE04EC0-301F-11D3-BF4B-00C04F79EFBC}") = "CrossPlatform.Core", "CrossPlatform.Core\CrossPlatform.Core.csproj", "{D71AEF75-F6EE-410F-84AF-67D5B0448E94}"
EndProject
Project("{FAE04EC0-301F-11D3-BF4B-00C04F79EFBC}") = "CrossPlatform.iOS", "CrossPlatform.iOS\CrossPlatform.iOS.csproj", "{8D8E34E6-2275-4B0C-A502-323B015A2393}"
EndProject
Project("{FAE04EC0-301F-11D3-BF4B-00C04F79EFBC}") = "CrossPlatform.Phone", "CrossPlatform.Phone\CrossPlatform.Phone.csproj", "{C041748A-D67F-4661-8A61-F79E6C956AC8}"
EndProject
Global
	GlobalSection(SolutionConfigurationPlatforms) = preSolution
		Ad-Hoc|Any CPU = Ad-Hoc|Any CPU
		Ad-Hoc|ARM = Ad-Hoc|ARM
		Ad-Hoc|iPhone = Ad-Hoc|iPhone
		Ad-Hoc|iPhoneSimulator = Ad-Hoc|iPhoneSimulator
		Ad-Hoc|Mixed Platforms = Ad-Hoc|Mixed Platforms
		Ad-Hoc|x86 = Ad-Hoc|x86
		AppStore|Any CPU = AppStore|Any CPU
		AppStore|ARM = AppStore|ARM
		AppStore|iPhone = AppStore|iPhone
		AppStore|iPhoneSimulator = AppStore|iPhoneSimulator
		AppStore|Mixed Platforms = AppStore|Mixed Platforms
		AppStore|x86 = AppStore|x86
		Debug|Any CPU = Debug|Any CPU
		Debug|ARM = Debug|ARM
		Debug|iPhone = Debug|iPhone
		Debug|iPhoneSimulator = Debug|iPhoneSimulator
		Debug|Mixed Platforms = Debug|Mixed Platforms
		Debug|x86 = Debug|x86
		Release|Any CPU = Release|Any CPU
		Release|ARM = Release|ARM
		Release|iPhone = Release|iPhone
		Release|iPhoneSimulator = Release|iPhoneSimulator
		Release|Mixed Platforms = Release|Mixed Platforms
		Release|x86 = Release|x86
	EndGlobalSection
	GlobalSection(ProjectConfigurationPlatforms) = postSolution
		{D71AEF75-F6EE-410F-84AF-67D5B0448E94}.Ad-Hoc|Any CPU.ActiveCfg = Release|Any CPU
		{D71AEF75-F6EE-410F-84AF-67D5B0448E94}.Ad-Hoc|Any CPU.Build.0 = Release|Any CPU
		{D71AEF75-F6EE-410F-84AF-67D5B0448E94}.Ad-Hoc|ARM.ActiveCfg = Debug|Any CPU
		{D71AEF75-F6EE-410F-84AF-67D5B0448E94}.Ad-Hoc|iPhone.ActiveCfg = Release|Any CPU
		{D71AEF75-F6EE-410F-84AF-67D5B0448E94}.Ad-Hoc|iPhoneSimulator.ActiveCfg = Release|Any CPU
		{D71AEF75-F6EE-410F-84AF-67D5B0448E94}.Ad-Hoc|Mixed Platforms.ActiveCfg = Release|Any CPU
		{D71AEF75-F6EE-410F-84AF-67D5B0448E94}.Ad-Hoc|Mixed Platforms.Build.0 = Release|Any CPU
		{D71AEF75-F6EE-410F-84AF-67D5B0448E94}.Ad-Hoc|x86.ActiveCfg = Debug|Any CPU
		{D71AEF75-F6EE-410F-84AF-67D5B0448E94}.AppStore|Any CPU.ActiveCfg = Release|Any CPU
		{D71AEF75-F6EE-410F-84AF-67D5B0448E94}.AppStore|Any CPU.Build.0 = Release|Any CPU
		{D71AEF75-F6EE-410F-84AF-67D5B0448E94}.AppStore|ARM.ActiveCfg = Debug|Any CPU
		{D71AEF75-F6EE-410F-84AF-67D5B0448E94}.AppStore|iPhone.ActiveCfg = Release|Any CPU
		{D71AEF75-F6EE-410F-84AF-67D5B0448E94}.AppStore|iPhoneSimulator.ActiveCfg = Release|Any CPU
		{D71AEF75-F6EE-410F-84AF-67D5B0448E94}.AppStore|Mixed Platforms.ActiveCfg = Release|Any CPU
		{D71AEF75-F6EE-410F-84AF-67D5B0448E94}.AppStore|Mixed Platforms.Build.0 = Release|Any CPU
		{D71AEF75-F6EE-410F-84AF-67D5B0448E94}.AppStore|x86.ActiveCfg = Debug|Any CPU
		{D71AEF75-F6EE-410F-84AF-67D5B0448E94}.Debug|Any CPU.ActiveCfg = Debug|Any CPU
		{D71AEF75-F6EE-410F-84AF-67D5B0448E94}.Debug|Any CPU.Build.0 = Debug|Any CPU
		{D71AEF75-F6EE-410F-84AF-67D5B0448E94}.Debug|ARM.ActiveCfg = Debug|Any CPU
		{D71AEF75-F6EE-410F-84AF-67D5B0448E94}.Debug|iPhone.ActiveCfg = Debug|Any CPU
		{D71AEF75-F6EE-410F-84AF-67D5B0448E94}.Debug|iPhoneSimulator.ActiveCfg = Debug|Any CPU
		{D71AEF75-F6EE-410F-84AF-67D5B0448E94}.Debug|Mixed Platforms.ActiveCfg = Debug|Any CPU
		{D71AEF75-F6EE-410F-84AF-67D5B0448E94}.Debug|Mixed Platforms.Build.0 = Debug|Any CPU
		{D71AEF75-F6EE-410F-84AF-67D5B0448E94}.Debug|x86.ActiveCfg = Debug|Any CPU
		{D71AEF75-F6EE-410F-84AF-67D5B0448E94}.Release|Any CPU.ActiveCfg = Release|Any CPU
		{D71AEF75-F6EE-410F-84AF-67D5B0448E94}.Release|Any CPU.Build.0 = Release|Any CPU
		{D71AEF75-F6EE-410F-84AF-67D5B0448E94}.Release|ARM.ActiveCfg = Release|Any CPU
		{D71AEF75-F6EE-410F-84AF-67D5B0448E94}.Release|iPhone.ActiveCfg = Release|Any CPU
		{D71AEF75-F6EE-410F-84AF-67D5B0448E94}.Release|iPhoneSimulator.ActiveCfg = Release|Any CPU
		{D71AEF75-F6EE-410F-84AF-67D5B0448E94}.Release|Mixed Platforms.ActiveCfg = Release|Any CPU
		{D71AEF75-F6EE-410F-84AF-67D5B0448E94}.Release|Mixed Platforms.Build.0 = Release|Any CPU
		{D71AEF75-F6EE-410F-84AF-67D5B0448E94}.Release|x86.ActiveCfg = Release|Any CPU
		{8D8E34E6-2275-4B0C-A502-323B015A2393}.Ad-Hoc|Any CPU.ActiveCfg = Ad-Hoc|iPhone
		{8D8E34E6-2275-4B0C-A502-323B015A2393}.Ad-Hoc|ARM.ActiveCfg = Ad-Hoc|iPhoneSimulator
		{8D8E34E6-2275-4B0C-A502-323B015A2393}.Ad-Hoc|iPhone.ActiveCfg = Ad-Hoc|iPhone
		{8D8E34E6-2275-4B0C-A502-323B015A2393}.Ad-Hoc|iPhone.Build.0 = Ad-Hoc|iPhone
		{8D8E34E6-2275-4B0C-A502-323B015A2393}.Ad-Hoc|iPhone.Deploy.0 = Ad-Hoc|iPhone
		{8D8E34E6-2275-4B0C-A502-323B015A2393}.Ad-Hoc|iPhoneSimulator.ActiveCfg = Ad-Hoc|iPhoneSimulator
		{8D8E34E6-2275-4B0C-A502-323B015A2393}.Ad-Hoc|iPhoneSimulator.Build.0 = Ad-Hoc|iPhoneSimulator
		{8D8E34E6-2275-4B0C-A502-323B015A2393}.Ad-Hoc|iPhoneSimulator.Deploy.0 = Ad-Hoc|iPhoneSimulator
		{8D8E34E6-2275-4B0C-A502-323B015A2393}.Ad-Hoc|Mixed Platforms.ActiveCfg = Ad-Hoc|iPhone
		{8D8E34E6-2275-4B0C-A502-323B015A2393}.Ad-Hoc|Mixed Platforms.Build.0 = Ad-Hoc|iPhone
		{8D8E34E6-2275-4B0C-A502-323B015A2393}.Ad-Hoc|Mixed Platforms.Deploy.0 = Ad-Hoc|iPhone
		{8D8E34E6-2275-4B0C-A502-323B015A2393}.Ad-Hoc|x86.ActiveCfg = Ad-Hoc|iPhoneSimulator
		{8D8E34E6-2275-4B0C-A502-323B015A2393}.AppStore|Any CPU.ActiveCfg = AppStore|iPhone
		{8D8E34E6-2275-4B0C-A502-323B015A2393}.AppStore|ARM.ActiveCfg = AppStore|iPhoneSimulator
		{8D8E34E6-2275-4B0C-A502-323B015A2393}.AppStore|iPhone.ActiveCfg = AppStore|iPhone
		{8D8E34E6-2275-4B0C-A502-323B015A2393}.AppStore|iPhone.Build.0 = AppStore|iPhone
		{8D8E34E6-2275-4B0C-A502-323B015A2393}.AppStore|iPhone.Deploy.0 = AppStore|iPhone
		{8D8E34E6-2275-4B0C-A502-323B015A2393}.AppStore|iPhoneSimulator.ActiveCfg = AppStore|iPhoneSimulator
		{8D8E34E6-2275-4B0C-A502-323B015A2393}.AppStore|iPhoneSimulator.Build.0 = AppStore|iPhoneSimulator
		{8D8E34E6-2275-4B0C-A502-323B015A2393}.AppStore|iPhoneSimulator.Deploy.0 = AppStore|iPhoneSimulator
		{8D8E34E6-2275-4B0C-A502-323B015A2393}.AppStore|Mixed Platforms.ActiveCfg = AppStore|iPhone
		{8D8E34E6-2275-4B0C-A502-323B015A2393}.AppStore|Mixed Platforms.Build.0 = AppStore|iPhone
		{8D8E34E6-2275-4B0C-A502-323B015A2393}.AppStore|Mixed Platforms.Deploy.0 = AppStore|iPhone
		{8D8E34E6-2275-4B0C-A502-323B015A2393}.AppStore|x86.ActiveCfg = AppStore|iPhoneSimulator
		{8D8E34E6-2275-4B0C-A502-323B015A2393}.Debug|Any CPU.ActiveCfg = Debug|iPhone
		{8D8E34E6-2275-4B0C-A502-323B015A2393}.Debug|ARM.ActiveCfg = Debug|iPhoneSimulator
		{8D8E34E6-2275-4B0C-A502-323B015A2393}.Debug|iPhone.ActiveCfg = Debug|iPhone
		{8D8E34E6-2275-4B0C-A502-323B015A2393}.Debug|iPhone.Build.0 = Debug|iPhone
		{8D8E34E6-2275-4B0C-A502-323B015A2393}.Debug|iPhone.Deploy.0 = Debug|iPhone
		{8D8E34E6-2275-4B0C-A502-323B015A2393}.Debug|iPhoneSimulator.ActiveCfg = Debug|iPhoneSimulator
		{8D8E34E6-2275-4B0C-A502-323B015A2393}.Debug|iPhoneSimulator.Build.0 = Debug|iPhoneSimulator
		{8D8E34E6-2275-4B0C-A502-323B015A2393}.Debug|iPhoneSimulator.Deploy.0 = Debug|iPhoneSimulator
		{8D8E34E6-2275-4B0C-A502-323B015A2393}.Debug|Mixed Platforms.ActiveCfg = Debug|iPhone
		{8D8E34E6-2275-4B0C-A502-323B015A2393}.Debug|Mixed Platforms.Build.0 = Debug|iPhone
		{8D8E34E6-2275-4B0C-A502-323B015A2393}.Debug|Mixed Platforms.Deploy.0 = Debug|iPhone
		{8D8E34E6-2275-4B0C-A502-323B015A2393}.Debug|x86.ActiveCfg = Debug|iPhoneSimulator
		{8D8E34E6-2275-4B0C-A502-323B015A2393}.Release|Any CPU.ActiveCfg = Release|iPhone
		{8D8E34E6-2275-4B0C-A502-323B015A2393}.Release|ARM.ActiveCfg = Release|iPhoneSimulator
		{8D8E34E6-2275-4B0C-A502-323B015A2393}.Release|iPhone.ActiveCfg = Release|iPhone
		{8D8E34E6-2275-4B0C-A502-323B015A2393}.Release|iPhone.Build.0 = Release|iPhone
		{8D8E34E6-2275-4B0C-A502-323B015A2393}.Release|iPhone.Deploy.0 = Release|iPhone
		{8D8E34E6-2275-4B0C-A502-323B015A2393}.Release|iPhoneSimulator.ActiveCfg = Release|iPhoneSimulator
		{8D8E34E6-2275-4B0C-A502-323B015A2393}.Release|iPhoneSimulator.Build.0 = Release|iPhoneSimulator
		{8D8E34E6-2275-4B0C-A502-323B015A2393}.Release|iPhoneSimulator.Deploy.0 = Release|iPhoneSimulator
		{8D8E34E6-2275-4B0C-A502-323B015A2393}.Release|Mixed Platforms.ActiveCfg = Release|iPhone
		{8D8E34E6-2275-4B0C-A502-323B015A2393}.Release|Mixed Platforms.Build.0 = Release|iPhone
		{8D8E34E6-2275-4B0C-A502-323B015A2393}.Release|Mixed Platforms.Deploy.0 = Release|iPhone
		{8D8E34E6-2275-4B0C-A502-323B015A2393}.Release|x86.ActiveCfg = Release|iPhoneSimulator
		{C041748A-D67F-4661-8A61-F79E6C956AC8}.Ad-Hoc|Any CPU.ActiveCfg = Release|Any CPU
		{C041748A-D67F-4661-8A61-F79E6C956AC8}.Ad-Hoc|Any CPU.Build.0 = Release|Any CPU
		{C041748A-D67F-4661-8A61-F79E6C956AC8}.Ad-Hoc|Any CPU.Deploy.0 = Release|Any CPU
		{C041748A-D67F-4661-8A61-F79E6C956AC8}.Ad-Hoc|ARM.ActiveCfg = Release|ARM
		{C041748A-D67F-4661-8A61-F79E6C956AC8}.Ad-Hoc|ARM.Build.0 = Release|ARM
		{C041748A-D67F-4661-8A61-F79E6C956AC8}.Ad-Hoc|ARM.Deploy.0 = Release|ARM
		{C041748A-D67F-4661-8A61-F79E6C956AC8}.Ad-Hoc|iPhone.ActiveCfg = Release|Any CPU
		{C041748A-D67F-4661-8A61-F79E6C956AC8}.Ad-Hoc|iPhoneSimulator.ActiveCfg = Release|Any CPU
		{C041748A-D67F-4661-8A61-F79E6C956AC8}.Ad-Hoc|Mixed Platforms.ActiveCfg = Release|x86
		{C041748A-D67F-4661-8A61-F79E6C956AC8}.Ad-Hoc|Mixed Platforms.Build.0 = Release|x86
		{C041748A-D67F-4661-8A61-F79E6C956AC8}.Ad-Hoc|Mixed Platforms.Deploy.0 = Release|x86
		{C041748A-D67F-4661-8A61-F79E6C956AC8}.Ad-Hoc|x86.ActiveCfg = Release|x86
		{C041748A-D67F-4661-8A61-F79E6C956AC8}.Ad-Hoc|x86.Build.0 = Release|x86
		{C041748A-D67F-4661-8A61-F79E6C956AC8}.Ad-Hoc|x86.Deploy.0 = Release|x86
		{C041748A-D67F-4661-8A61-F79E6C956AC8}.AppStore|Any CPU.ActiveCfg = Release|Any CPU
		{C041748A-D67F-4661-8A61-F79E6C956AC8}.AppStore|Any CPU.Build.0 = Release|Any CPU
		{C041748A-D67F-4661-8A61-F79E6C956AC8}.AppStore|Any CPU.Deploy.0 = Release|Any CPU
		{C041748A-D67F-4661-8A61-F79E6C956AC8}.AppStore|ARM.ActiveCfg = Release|ARM
		{C041748A-D67F-4661-8A61-F79E6C956AC8}.AppStore|ARM.Build.0 = Release|ARM
		{C041748A-D67F-4661-8A61-F79E6C956AC8}.AppStore|ARM.Deploy.0 = Release|ARM
		{C041748A-D67F-4661-8A61-F79E6C956AC8}.AppStore|iPhone.ActiveCfg = Release|Any CPU
		{C041748A-D67F-4661-8A61-F79E6C956AC8}.AppStore|iPhoneSimulator.ActiveCfg = Release|Any CPU
		{C041748A-D67F-4661-8A61-F79E6C956AC8}.AppStore|Mixed Platforms.ActiveCfg = Release|x86
		{C041748A-D67F-4661-8A61-F79E6C956AC8}.AppStore|Mixed Platforms.Build.0 = Release|x86
		{C041748A-D67F-4661-8A61-F79E6C956AC8}.AppStore|Mixed Platforms.Deploy.0 = Release|x86
		{C041748A-D67F-4661-8A61-F79E6C956AC8}.AppStore|x86.ActiveCfg = Release|x86
		{C041748A-D67F-4661-8A61-F79E6C956AC8}.AppStore|x86.Build.0 = Release|x86
		{C041748A-D67F-4661-8A61-F79E6C956AC8}.AppStore|x86.Deploy.0 = Release|x86
		{C041748A-D67F-4661-8A61-F79E6C956AC8}.Debug|Any CPU.ActiveCfg = Debug|Any CPU
		{C041748A-D67F-4661-8A61-F79E6C956AC8}.Debug|Any CPU.Build.0 = Debug|Any CPU
		{C041748A-D67F-4661-8A61-F79E6C956AC8}.Debug|Any CPU.Deploy.0 = Debug|Any CPU
		{C041748A-D67F-4661-8A61-F79E6C956AC8}.Debug|ARM.ActiveCfg = Debug|ARM
		{C041748A-D67F-4661-8A61-F79E6C956AC8}.Debug|ARM.Build.0 = Debug|ARM
		{C041748A-D67F-4661-8A61-F79E6C956AC8}.Debug|ARM.Deploy.0 = Debug|ARM
		{C041748A-D67F-4661-8A61-F79E6C956AC8}.Debug|iPhone.ActiveCfg = Debug|Any CPU
		{C041748A-D67F-4661-8A61-F79E6C956AC8}.Debug|iPhoneSimulator.ActiveCfg = Debug|Any CPU
		{C041748A-D67F-4661-8A61-F79E6C956AC8}.Debug|Mixed Platforms.ActiveCfg = Debug|x86
		{C041748A-D67F-4661-8A61-F79E6C956AC8}.Debug|Mixed Platforms.Build.0 = Debug|x86
		{C041748A-D67F-4661-8A61-F79E6C956AC8}.Debug|Mixed Platforms.Deploy.0 = Debug|x86
		{C041748A-D67F-4661-8A61-F79E6C956AC8}.Debug|x86.ActiveCfg = Debug|x86
		{C041748A-D67F-4661-8A61-F79E6C956AC8}.Debug|x86.Build.0 = Debug|x86
		{C041748A-D67F-4661-8A61-F79E6C956AC8}.Debug|x86.Deploy.0 = Debug|x86
		{C041748A-D67F-4661-8A61-F79E6C956AC8}.Release|Any CPU.ActiveCfg = Release|Any CPU
		{C041748A-D67F-4661-8A61-F79E6C956AC8}.Release|Any CPU.Build.0 = Release|Any CPU
		{C041748A-D67F-4661-8A61-F79E6C956AC8}.Release|Any CPU.Deploy.0 = Release|Any CPU
		{C041748A-D67F-4661-8A61-F79E6C956AC8}.Release|ARM.ActiveCfg = Release|ARM
		{C041748A-D67F-4661-8A61-F79E6C956AC8}.Release|ARM.Build.0 = Release|ARM
		{C041748A-D67F-4661-8A61-F79E6C956AC8}.Release|ARM.Deploy.0 = Release|ARM
		{C041748A-D67F-4661-8A61-F79E6C956AC8}.Release|iPhone.ActiveCfg = Release|Any CPU
		{C041748A-D67F-4661-8A61-F79E6C956AC8}.Release|iPhoneSimulator.ActiveCfg = Release|Any CPU
		{C041748A-D67F-4661-8A61-F79E6C956AC8}.Release|Mixed Platforms.ActiveCfg = Release|x86
		{C041748A-D67F-4661-8A61-F79E6C956AC8}.Release|Mixed Platforms.Build.0 = Release|x86
		{C041748A-D67F-4661-8A61-F79E6C956AC8}.Release|Mixed Platforms.Deploy.0 = Release|x86
		{C041748A-D67F-4661-8A61-F79E6C956AC8}.Release|x86.ActiveCfg = Release|x86
		{C041748A-D67F-4661-8A61-F79E6C956AC8}.Release|x86.Build.0 = Release|x86
		{C041748A-D67F-4661-8A61-F79E6C956AC8}.Release|x86.Deploy.0 = Release|x86
	EndGlobalSection
	GlobalSection(SolutionProperties) = preSolution
		HideSolutionNode = FALSE
	EndGlobalSection
EndGlobal
